
Microsoft Visual Studio Solution File, Format Version 12.00
# Visual Studio Version 17
VisualStudioVersion = 17.0.31903.59
MinimumVisualStudioVersion = 10.0.40219.1
Project("{FAE04EC0-301F-11D3-BF4B-00C04F79EFBC}") = "Placely.Main", "Placely.Main\Placely.Main.csproj", "{38A7A676-1B3E-49D7-BF09-31D4308A269C}"
EndProject
Project("{FAE04EC0-301F-11D3-BF4B-00C04F79EFBC}") = "Placely.Data", "Placely.Data\Placely.Data.csproj", "{F326DBF8-110C-4A31-BFA0-8A334E4CB229}"
EndProject
Global
	GlobalSection(SolutionConfigurationPlatforms) = preSolution
		Debug|Any CPU = Debug|Any CPU
		Release|Any CPU = Release|Any CPU
	EndGlobalSection
	GlobalSection(SolutionProperties) = preSolution
		HideSolutionNode = FALSE
	EndGlobalSection
	GlobalSection(ProjectConfigurationPlatforms) = postSolution
		{38A7A676-1B3E-49D7-BF09-31D4308A269C}.Debug|Any CPU.ActiveCfg = Debug|Any CPU
		{38A7A676-1B3E-49D7-BF09-31D4308A269C}.Debug|Any CPU.Build.0 = Debug|Any CPU
		{38A7A676-1B3E-49D7-BF09-31D4308A269C}.Release|Any CPU.ActiveCfg = Release|Any CPU
		{38A7A676-1B3E-49D7-BF09-31D4308A269C}.Release|Any CPU.Build.0 = Release|Any CPU
		{F326DBF8-110C-4A31-BFA0-8A334E4CB229}.Debug|Any CPU.ActiveCfg = Debug|Any CPU
		{F326DBF8-110C-4A31-BFA0-8A334E4CB229}.Debug|Any CPU.Build.0 = Debug|Any CPU
		{F326DBF8-110C-4A31-BFA0-8A334E4CB229}.Release|Any CPU.ActiveCfg = Release|Any CPU
		{F326DBF8-110C-4A31-BFA0-8A334E4CB229}.Release|Any CPU.Build.0 = Release|Any CPU
	EndGlobalSection
EndGlobal
