
Microsoft Visual Studio Solution File, Format Version 12.00
# Visual Studio Version 17
VisualStudioVersion = 17.0.31903.59
MinimumVisualStudioVersion = 10.0.40219.1
Project("{FAE04EC0-301F-11D3-BF4B-00C04F79EFBC}") = "Placely.Domain", "Placely.Domain\Placely.Domain.csproj", "{AF9D80FA-9EB4-4125-AA66-5F268D090C52}"
EndProject
Project("{FAE04EC0-301F-11D3-BF4B-00C04F79EFBC}") = "Placely.Application", "Placely.Application\Placely.Application.csproj", "{553113B0-AE84-4825-AC5B-6C74752C4B21}"
EndProject
Project("{FAE04EC0-301F-11D3-BF4B-00C04F79EFBC}") = "Placely.Infrastructure", "Placely.Infrastructure\Placely.Infrastructure.csproj", "{8365A488-3219-4B1A-A30B-9812DC48E00E}"
EndProject
Project("{FAE04EC0-301F-11D3-BF4B-00C04F79EFBC}") = "Placely.WebAPI", "Placely.WebAPI\Placely.WebAPI.csproj", "{E12F2447-31FA-4EDF-961F-3817E2B32546}"
EndProject
Global
	GlobalSection(SolutionConfigurationPlatforms) = preSolution
		Debug|Any CPU = Debug|Any CPU
		Release|Any CPU = Release|Any CPU
	EndGlobalSection
	GlobalSection(SolutionProperties) = preSolution
		HideSolutionNode = FALSE
	EndGlobalSection
	GlobalSection(ProjectConfigurationPlatforms) = postSolution
		{AF9D80FA-9EB4-4125-AA66-5F268D090C52}.Debug|Any CPU.ActiveCfg = Debug|Any CPU
		{AF9D80FA-9EB4-4125-AA66-5F268D090C52}.Debug|Any CPU.Build.0 = Debug|Any CPU
		{AF9D80FA-9EB4-4125-AA66-5F268D090C52}.Release|Any CPU.ActiveCfg = Release|Any CPU
		{AF9D80FA-9EB4-4125-AA66-5F268D090C52}.Release|Any CPU.Build.0 = Release|Any CPU
		{553113B0-AE84-4825-AC5B-6C74752C4B21}.Debug|Any CPU.ActiveCfg = Debug|Any CPU
		{553113B0-AE84-4825-AC5B-6C74752C4B21}.Debug|Any CPU.Build.0 = Debug|Any CPU
		{553113B0-AE84-4825-AC5B-6C74752C4B21}.Release|Any CPU.ActiveCfg = Release|Any CPU
		{553113B0-AE84-4825-AC5B-6C74752C4B21}.Release|Any CPU.Build.0 = Release|Any CPU
		{8365A488-3219-4B1A-A30B-9812DC48E00E}.Debug|Any CPU.ActiveCfg = Debug|Any CPU
		{8365A488-3219-4B1A-A30B-9812DC48E00E}.Debug|Any CPU.Build.0 = Debug|Any CPU
		{8365A488-3219-4B1A-A30B-9812DC48E00E}.Release|Any CPU.ActiveCfg = Release|Any CPU
		{8365A488-3219-4B1A-A30B-9812DC48E00E}.Release|Any CPU.Build.0 = Release|Any CPU
		{E12F2447-31FA-4EDF-961F-3817E2B32546}.Debug|Any CPU.ActiveCfg = Debug|Any CPU
		{E12F2447-31FA-4EDF-961F-3817E2B32546}.Debug|Any CPU.Build.0 = Debug|Any CPU
		{E12F2447-31FA-4EDF-961F-3817E2B32546}.Release|Any CPU.ActiveCfg = Release|Any CPU
		{E12F2447-31FA-4EDF-961F-3817E2B32546}.Release|Any CPU.Build.0 = Release|Any CPU
	EndGlobalSection
EndGlobal
